<?xml version="1.0" encoding="utf-8"?>
<Project ToolsVersion="4.0" xmlns="http://schemas.microsoft.com/developer/msbuild/2003">
  <ItemGroup>
    <Filter Include="Source Files">
      <UniqueIdentifier>{4FC737F1-C7A5-4376-A066-2A32D752A2FF}</UniqueIdentifier>
      <Extensions>cpp;c;cc;cxx;def;odl;idl;hpj;bat;asm;asmx</Extensions>
    </Filter>
    <Filter Include="Header Files">
      <UniqueIdentifier>{93995380-89BD-4b04-88EB-625FBE52EBFB}</UniqueIdentifier>
      <Extensions>h;hh;hpp;hxx;hm;inl;inc;ipp;xsd</Extensions>
    </Filter>
    <Filter Include="Resource Files">
      <UniqueIdentifier>{67DA6AB6-F800-4c08-8B7A-83BB121AAD01}</UniqueIdentifier>
      <Extensions>rc;ico;cur;bmp;dlg;rc2;rct;bin;rgs;gif;jpg;jpeg;jpe;resx;tiff;tif;png;wav;mfcribbon-ms</Extensions>
    </Filter>
    <Filter Include="Header Files\Buttons">
      <UniqueIdentifier>{b73385bc-6a2f-4158-b6c6-6cdf516b386f}</UniqueIdentifier>
    </Filter>
    <Filter Include="Source Files\Buttons">
      <UniqueIdentifier>{3d721dfd-b1ab-4706-b536-e6bab71243a0}</UniqueIdentifier>
    </Filter>
    <Filter Include="Header Files\Player">
      <UniqueIdentifier>{f286ca11-9861-4984-a1a1-4e6a6040941f}</UniqueIdentifier>
    </Filter>
    <Filter Include="Source Files\Player">
      <UniqueIdentifier>{8609d4a4-b2dd-4af7-ac1f-38f4aeca05df}</UniqueIdentifier>
    </Filter>
    <Filter Include="Header Files\Enemy">
      <UniqueIdentifier>{91779995-49ca-4243-9437-1c2d6cc4c84f}</UniqueIdentifier>
    </Filter>
    <Filter Include="Source Files\Enemy">
      <UniqueIdentifier>{7bdf8d25-7450-4dda-bfe3-1b9a3326e567}</UniqueIdentifier>
    </Filter>
  </ItemGroup>
  <ItemGroup>
    <ClCompile Include="main.cpp">
      <Filter>Source Files</Filter>
    </ClCompile>
    <ClCompile Include="BarbarianButton.cpp">
      <Filter>Source Files\Buttons</Filter>
    </ClCompile>
    <ClCompile Include="ButtonController.cpp">
      <Filter>Source Files\Buttons</Filter>
    </ClCompile>
    <ClCompile Include="WizardButton.cpp">
      <Filter>Source Files\Buttons</Filter>
    </ClCompile>
    <ClCompile Include="Barbarian.cpp">
      <Filter>Source Files\Player</Filter>
    </ClCompile>
    <ClCompile Include="Player.cpp">
      <Filter>Source Files\Player</Filter>
    </ClCompile>
    <ClCompile Include="Wizard.cpp">
      <Filter>Source Files\Player</Filter>
    </ClCompile>
    <ClCompile Include="Enemy.cpp">
      <Filter>Source Files\Enemy</Filter>
    </ClCompile>
  </ItemGroup>
  <ItemGroup>
    <ClInclude Include="BarbarianButton.h">
      <Filter>Header Files\Buttons</Filter>
    </ClInclude>
    <ClInclude Include="ButtonController.h">
      <Filter>Header Files\Buttons</Filter>
    </ClInclude>
    <ClInclude Include="WizardButton.h">
      <Filter>Header Files\Buttons</Filter>
    </ClInclude>
    <ClInclude Include="Barbarian.h">
      <Filter>Header Files\Player</Filter>
    </ClInclude>
    <ClInclude Include="Player.h">
      <Filter>Header Files\Player</Filter>
    </ClInclude>
    <ClInclude Include="Wizard.h">
      <Filter>Header Files\Player</Filter>
    </ClInclude>
    <ClInclude Include="Enemy.h">
      <Filter>Header Files\Enemy</Filter>
    </ClInclude>
  </ItemGroup>
  <ItemGroup>
    <Image Include="WizardSprite.png">
      <Filter>Resource Files</Filter>
    </Image>
    <Image Include="BarbarianSprite.png">
      <Filter>Resource Files</Filter>
    </Image>
    <Image Include="LeftButton.png">
      <Filter>Resource Files</Filter>
    </Image>
    <Image Include="RightButton.png">
      <Filter>Resource Files</Filter>
    </Image>
  </ItemGroup>
</Project>