
Microsoft Visual Studio Solution File, Format Version 12.00
# Visual Studio 15
VisualStudioVersion = 15.0.28010.2016
MinimumVisualStudioVersion = 10.0.40219.1
Project("{8BC9CEB8-8B4A-11D0-8D11-00A0C91BC942}") = "raygame", "raygame\raygame.vcxproj", "{100AB646-1529-43F3-B9D1-2C0A798642FF}"
EndProject
Project("{8BC9CEB8-8B4A-11D0-8D11-00A0C91BC942}") = "OverloadingFunctions", "OverloadingFunctions\OverloadingFunctions.vcxproj", "{6D93F3CE-0630-48CD-A03C-7197414BA7D6}"
EndProject
Project("{8BC9CEB8-8B4A-11D0-8D11-00A0C91BC942}") = "MapGame", "MapGame\MapGame.vcxproj", "{632D078F-040D-4695-A548-1A5C57206B71}"
EndProject
Project("{8BC9CEB8-8B4A-11D0-8D11-00A0C91BC942}") = "Casting", "Casting\Casting.vcxproj", "{32D7B43E-E113-4708-B4E4-F2D2D1F1D971}"
EndProject
Project("{8BC9CEB8-8B4A-11D0-8D11-00A0C91BC942}") = "Inheritance", "Inheritance\Inheritance.vcxproj", "{D65E845A-CF14-4088-9220-EAAFA1FBFD08}"
EndProject
Project("{8BC9CEB8-8B4A-11D0-8D11-00A0C91BC942}") = "Polymorphism", "Polymorphism\Polymorphism.vcxproj", "{3AF634E8-6D44-485F-9FE5-DC4241A5905A}"
EndProject
Project("{8BC9CEB8-8B4A-11D0-8D11-00A0C91BC942}") = "Templates", "Templates\Templates.vcxproj", "{FCFB1206-E9B7-4436-8BD4-B3C8987CF672}"
EndProject
Project("{8BC9CEB8-8B4A-11D0-8D11-00A0C91BC942}") = "ConstAndTypeDef", "ConstAndTypeDef\ConstAndTypeDef.vcxproj", "{1C89F254-851A-43BB-A4D6-EBBBBBA289B4}"
EndProject
Project("{8BC9CEB8-8B4A-11D0-8D11-00A0C91BC942}") = "Vectors", "Vectors\Vectors.vcxproj", "{05EA7FB0-7928-4D9F-B4E0-926A7C65E7B6}"
EndProject
Project("{8BC9CEB8-8B4A-11D0-8D11-00A0C91BC942}") = "LinkedList", "LinkedList\LinkedList.vcxproj", "{A23A637B-5494-45FC-BA65-0DD6900BD9FE}"
EndProject
Project("{8BC9CEB8-8B4A-11D0-8D11-00A0C91BC942}") = "Sorting", "Sorting\Sorting.vcxproj", "{510B462D-C093-43EE-9F92-4940884F95BB}"
EndProject
Project("{8BC9CEB8-8B4A-11D0-8D11-00A0C91BC942}") = "SingletonsEnums", "SingletonsEnums\SingletonsEnums.vcxproj", "{FB5A8CD6-EBFF-4C1D-AAC8-9C5CDEED4BA3}"
EndProject
Project("{8BC9CEB8-8B4A-11D0-8D11-00A0C91BC942}") = "Factorys", "Factorys\Factorys.vcxproj", "{E75D5E94-795B-4527-A351-5250F713527E}"
EndProject
Global
	GlobalSection(SolutionConfigurationPlatforms) = preSolution
		Debug|x64 = Debug|x64
		Debug|x86 = Debug|x86
		Release|x64 = Release|x64
		Release|x86 = Release|x86
	EndGlobalSection
	GlobalSection(ProjectConfigurationPlatforms) = postSolution
		{100AB646-1529-43F3-B9D1-2C0A798642FF}.Debug|x64.ActiveCfg = Debug|x64
		{100AB646-1529-43F3-B9D1-2C0A798642FF}.Debug|x64.Build.0 = Debug|x64
		{100AB646-1529-43F3-B9D1-2C0A798642FF}.Debug|x86.ActiveCfg = Debug|Win32
		{100AB646-1529-43F3-B9D1-2C0A798642FF}.Debug|x86.Build.0 = Debug|Win32
		{100AB646-1529-43F3-B9D1-2C0A798642FF}.Release|x64.ActiveCfg = Release|x64
		{100AB646-1529-43F3-B9D1-2C0A798642FF}.Release|x64.Build.0 = Release|x64
		{100AB646-1529-43F3-B9D1-2C0A798642FF}.Release|x86.ActiveCfg = Release|Win32
		{100AB646-1529-43F3-B9D1-2C0A798642FF}.Release|x86.Build.0 = Release|Win32
		{6D93F3CE-0630-48CD-A03C-7197414BA7D6}.Debug|x64.ActiveCfg = Debug|x64
		{6D93F3CE-0630-48CD-A03C-7197414BA7D6}.Debug|x64.Build.0 = Debug|x64
		{6D93F3CE-0630-48CD-A03C-7197414BA7D6}.Debug|x86.ActiveCfg = Debug|Win32
		{6D93F3CE-0630-48CD-A03C-7197414BA7D6}.Debug|x86.Build.0 = Debug|Win32
		{6D93F3CE-0630-48CD-A03C-7197414BA7D6}.Release|x64.ActiveCfg = Release|x64
		{6D93F3CE-0630-48CD-A03C-7197414BA7D6}.Release|x64.Build.0 = Release|x64
		{6D93F3CE-0630-48CD-A03C-7197414BA7D6}.Release|x86.ActiveCfg = Release|Win32
		{6D93F3CE-0630-48CD-A03C-7197414BA7D6}.Release|x86.Build.0 = Release|Win32
		{632D078F-040D-4695-A548-1A5C57206B71}.Debug|x64.ActiveCfg = Debug|x64
		{632D078F-040D-4695-A548-1A5C57206B71}.Debug|x64.Build.0 = Debug|x64
		{632D078F-040D-4695-A548-1A5C57206B71}.Debug|x86.ActiveCfg = Debug|Win32
		{632D078F-040D-4695-A548-1A5C57206B71}.Debug|x86.Build.0 = Debug|Win32
		{632D078F-040D-4695-A548-1A5C57206B71}.Release|x64.ActiveCfg = Release|x64
		{632D078F-040D-4695-A548-1A5C57206B71}.Release|x64.Build.0 = Release|x64
		{632D078F-040D-4695-A548-1A5C57206B71}.Release|x86.ActiveCfg = Release|Win32
		{632D078F-040D-4695-A548-1A5C57206B71}.Release|x86.Build.0 = Release|Win32
		{32D7B43E-E113-4708-B4E4-F2D2D1F1D971}.Debug|x64.ActiveCfg = Debug|x64
		{32D7B43E-E113-4708-B4E4-F2D2D1F1D971}.Debug|x64.Build.0 = Debug|x64
		{32D7B43E-E113-4708-B4E4-F2D2D1F1D971}.Debug|x86.ActiveCfg = Debug|Win32
		{32D7B43E-E113-4708-B4E4-F2D2D1F1D971}.Debug|x86.Build.0 = Debug|Win32
		{32D7B43E-E113-4708-B4E4-F2D2D1F1D971}.Release|x64.ActiveCfg = Release|x64
		{32D7B43E-E113-4708-B4E4-F2D2D1F1D971}.Release|x64.Build.0 = Release|x64
		{32D7B43E-E113-4708-B4E4-F2D2D1F1D971}.Release|x86.ActiveCfg = Release|Win32
		{32D7B43E-E113-4708-B4E4-F2D2D1F1D971}.Release|x86.Build.0 = Release|Win32
		{D65E845A-CF14-4088-9220-EAAFA1FBFD08}.Debug|x64.ActiveCfg = Debug|x64
		{D65E845A-CF14-4088-9220-EAAFA1FBFD08}.Debug|x64.Build.0 = Debug|x64
		{D65E845A-CF14-4088-9220-EAAFA1FBFD08}.Debug|x86.ActiveCfg = Debug|Win32
		{D65E845A-CF14-4088-9220-EAAFA1FBFD08}.Debug|x86.Build.0 = Debug|Win32
		{D65E845A-CF14-4088-9220-EAAFA1FBFD08}.Release|x64.ActiveCfg = Release|x64
		{D65E845A-CF14-4088-9220-EAAFA1FBFD08}.Release|x64.Build.0 = Release|x64
		{D65E845A-CF14-4088-9220-EAAFA1FBFD08}.Release|x86.ActiveCfg = Release|Win32
		{D65E845A-CF14-4088-9220-EAAFA1FBFD08}.Release|x86.Build.0 = Release|Win32
		{3AF634E8-6D44-485F-9FE5-DC4241A5905A}.Debug|x64.ActiveCfg = Debug|x64
		{3AF634E8-6D44-485F-9FE5-DC4241A5905A}.Debug|x64.Build.0 = Debug|x64
		{3AF634E8-6D44-485F-9FE5-DC4241A5905A}.Debug|x86.ActiveCfg = Debug|Win32
		{3AF634E8-6D44-485F-9FE5-DC4241A5905A}.Debug|x86.Build.0 = Debug|Win32
		{3AF634E8-6D44-485F-9FE5-DC4241A5905A}.Release|x64.ActiveCfg = Release|x64
		{3AF634E8-6D44-485F-9FE5-DC4241A5905A}.Release|x64.Build.0 = Release|x64
		{3AF634E8-6D44-485F-9FE5-DC4241A5905A}.Release|x86.ActiveCfg = Release|Win32
		{3AF634E8-6D44-485F-9FE5-DC4241A5905A}.Release|x86.Build.0 = Release|Win32
		{FCFB1206-E9B7-4436-8BD4-B3C8987CF672}.Debug|x64.ActiveCfg = Debug|x64
		{FCFB1206-E9B7-4436-8BD4-B3C8987CF672}.Debug|x64.Build.0 = Debug|x64
		{FCFB1206-E9B7-4436-8BD4-B3C8987CF672}.Debug|x86.ActiveCfg = Debug|Win32
		{FCFB1206-E9B7-4436-8BD4-B3C8987CF672}.Debug|x86.Build.0 = Debug|Win32
		{FCFB1206-E9B7-4436-8BD4-B3C8987CF672}.Release|x64.ActiveCfg = Release|x64
		{FCFB1206-E9B7-4436-8BD4-B3C8987CF672}.Release|x64.Build.0 = Release|x64
		{FCFB1206-E9B7-4436-8BD4-B3C8987CF672}.Release|x86.ActiveCfg = Release|Win32
		{FCFB1206-E9B7-4436-8BD4-B3C8987CF672}.Release|x86.Build.0 = Release|Win32
		{1C89F254-851A-43BB-A4D6-EBBBBBA289B4}.Debug|x64.ActiveCfg = Debug|x64
		{1C89F254-851A-43BB-A4D6-EBBBBBA289B4}.Debug|x64.Build.0 = Debug|x64
		{1C89F254-851A-43BB-A4D6-EBBBBBA289B4}.Debug|x86.ActiveCfg = Debug|Win32
		{1C89F254-851A-43BB-A4D6-EBBBBBA289B4}.Debug|x86.Build.0 = Debug|Win32
		{1C89F254-851A-43BB-A4D6-EBBBBBA289B4}.Release|x64.ActiveCfg = Release|x64
		{1C89F254-851A-43BB-A4D6-EBBBBBA289B4}.Release|x64.Build.0 = Release|x64
		{1C89F254-851A-43BB-A4D6-EBBBBBA289B4}.Release|x86.ActiveCfg = Release|Win32
		{1C89F254-851A-43BB-A4D6-EBBBBBA289B4}.Release|x86.Build.0 = Release|Win32
		{05EA7FB0-7928-4D9F-B4E0-926A7C65E7B6}.Debug|x64.ActiveCfg = Debug|x64
		{05EA7FB0-7928-4D9F-B4E0-926A7C65E7B6}.Debug|x64.Build.0 = Debug|x64
		{05EA7FB0-7928-4D9F-B4E0-926A7C65E7B6}.Debug|x86.ActiveCfg = Debug|Win32
		{05EA7FB0-7928-4D9F-B4E0-926A7C65E7B6}.Debug|x86.Build.0 = Debug|Win32
		{05EA7FB0-7928-4D9F-B4E0-926A7C65E7B6}.Release|x64.ActiveCfg = Release|x64
		{05EA7FB0-7928-4D9F-B4E0-926A7C65E7B6}.Release|x64.Build.0 = Release|x64
		{05EA7FB0-7928-4D9F-B4E0-926A7C65E7B6}.Release|x86.ActiveCfg = Release|Win32
		{05EA7FB0-7928-4D9F-B4E0-926A7C65E7B6}.Release|x86.Build.0 = Release|Win32
		{A23A637B-5494-45FC-BA65-0DD6900BD9FE}.Debug|x64.ActiveCfg = Debug|x64
		{A23A637B-5494-45FC-BA65-0DD6900BD9FE}.Debug|x64.Build.0 = Debug|x64
		{A23A637B-5494-45FC-BA65-0DD6900BD9FE}.Debug|x86.ActiveCfg = Debug|Win32
		{A23A637B-5494-45FC-BA65-0DD6900BD9FE}.Debug|x86.Build.0 = Debug|Win32
		{A23A637B-5494-45FC-BA65-0DD6900BD9FE}.Release|x64.ActiveCfg = Release|x64
		{A23A637B-5494-45FC-BA65-0DD6900BD9FE}.Release|x64.Build.0 = Release|x64
		{A23A637B-5494-45FC-BA65-0DD6900BD9FE}.Release|x86.ActiveCfg = Release|Win32
		{A23A637B-5494-45FC-BA65-0DD6900BD9FE}.Release|x86.Build.0 = Release|Win32
		{510B462D-C093-43EE-9F92-4940884F95BB}.Debug|x64.ActiveCfg = Debug|x64
		{510B462D-C093-43EE-9F92-4940884F95BB}.Debug|x64.Build.0 = Debug|x64
		{510B462D-C093-43EE-9F92-4940884F95BB}.Debug|x86.ActiveCfg = Debug|Win32
		{510B462D-C093-43EE-9F92-4940884F95BB}.Debug|x86.Build.0 = Debug|Win32
		{510B462D-C093-43EE-9F92-4940884F95BB}.Release|x64.ActiveCfg = Release|x64
		{510B462D-C093-43EE-9F92-4940884F95BB}.Release|x64.Build.0 = Release|x64
		{510B462D-C093-43EE-9F92-4940884F95BB}.Release|x86.ActiveCfg = Release|Win32
		{510B462D-C093-43EE-9F92-4940884F95BB}.Release|x86.Build.0 = Release|Win32
		{FB5A8CD6-EBFF-4C1D-AAC8-9C5CDEED4BA3}.Debug|x64.ActiveCfg = Debug|x64
		{FB5A8CD6-EBFF-4C1D-AAC8-9C5CDEED4BA3}.Debug|x64.Build.0 = Debug|x64
		{FB5A8CD6-EBFF-4C1D-AAC8-9C5CDEED4BA3}.Debug|x86.ActiveCfg = Debug|Win32
		{FB5A8CD6-EBFF-4C1D-AAC8-9C5CDEED4BA3}.Debug|x86.Build.0 = Debug|Win32
		{FB5A8CD6-EBFF-4C1D-AAC8-9C5CDEED4BA3}.Release|x64.ActiveCfg = Release|x64
		{FB5A8CD6-EBFF-4C1D-AAC8-9C5CDEED4BA3}.Release|x64.Build.0 = Release|x64
		{FB5A8CD6-EBFF-4C1D-AAC8-9C5CDEED4BA3}.Release|x86.ActiveCfg = Release|Win32
		{FB5A8CD6-EBFF-4C1D-AAC8-9C5CDEED4BA3}.Release|x86.Build.0 = Release|Win32
		{E75D5E94-795B-4527-A351-5250F713527E}.Debug|x64.ActiveCfg = Debug|x64
		{E75D5E94-795B-4527-A351-5250F713527E}.Debug|x64.Build.0 = Debug|x64
		{E75D5E94-795B-4527-A351-5250F713527E}.Debug|x86.ActiveCfg = Debug|Win32
		{E75D5E94-795B-4527-A351-5250F713527E}.Debug|x86.Build.0 = Debug|Win32
		{E75D5E94-795B-4527-A351-5250F713527E}.Release|x64.ActiveCfg = Release|x64
		{E75D5E94-795B-4527-A351-5250F713527E}.Release|x64.Build.0 = Release|x64
		{E75D5E94-795B-4527-A351-5250F713527E}.Release|x86.ActiveCfg = Release|Win32
		{E75D5E94-795B-4527-A351-5250F713527E}.Release|x86.Build.0 = Release|Win32
	EndGlobalSection
	GlobalSection(SolutionProperties) = preSolution
		HideSolutionNode = FALSE
	EndGlobalSection
	GlobalSection(ExtensibilityGlobals) = postSolution
		SolutionGuid = {2B7D185B-8DCA-4523-AF9D-1D81DEF37C04}
	EndGlobalSection
EndGlobal
